{
    "_readme": [
        "This file locks the dependencies of your project to a known state",
        "Read more about it at https://getcomposer.org/doc/01-basic-usage.md#installing-dependencies",
        "This file is @generated automatically"
    ],
    "content-hash": "16593a535cd3caf245811af5bb7c1deb",
    "packages": [
        {
            "name": "crazy-goat/piper-php",
            "version": "v0.1.2",
            "source": {
                "type": "git",
                "url": "https://github.com/crazy-goat/piper-php.git",
                "reference": "53c098739577eb7cabc42dee6182fd0f1d46f398"
            },
            "dist": {
                "type": "zip",
                "url": "https://api.github.com/repos/crazy-goat/piper-php/zipball/53c098739577eb7cabc42dee6182fd0f1d46f398",
                "reference": "53c098739577eb7cabc42dee6182fd0f1d46f398",
                "shasum": ""
            },
            "require": {
                "ext-ffi": "*",
                "php": ">=8.2"
            },
            "require-dev": {
                "phpstan/phpstan": "2.1.45",
                "phpunit/phpunit": "10.5.63",
                "rector/rector": "2.3.9",
                "slevomat/coding-standard": "8.22.1",
                "squizlabs/php_codesniffer": "3.13.5"
            },
            "bin": [
                "bin/piper-tts"
            ],
            "type": "library",
            "autoload": {
                "psr-4": {
                    "CrazyGoat\\PiperTTS\\": "src/"
                }
            },
            "scripts": {
                "post-install-cmd": [
                    "@install-libs"
                ],
                "post-update-cmd": [
                    "@install-libs"
                ],
                "install-libs": [
                    "php scripts/post-install.php"
                ],
                "lint": [
                    "phpcs --standard=phpcs.xml.dist",
                    "@rector",
                    "@phpstan"
                ],
                "lint:fix": [
                    "@rector:fix",
                    "phpcbf --standard=phpcs.xml.dist"
                ],
                "phpstan": [
                    "phpstan analyse"
                ],
                "cs": [
                    "phpcs --standard=phpcs.xml.dist"
                ],
                "cs-fix": [
                    "phpcbf --standard=phpcs.xml.dist"
                ],
                "rector": [
                    "rector process --dry-run"
                ],
                "rector:fix": [
                    "rector process"
                ]
            },
            "license": [
                "MIT"
            ],
            "description": "Text-to-speech in PHP using Piper via FFI",
            "support": {
                "source": "https://github.com/crazy-goat/piper-php/tree/v0.1.2",
                "issues": "https://github.com/crazy-goat/piper-php/issues"
            },
            "time": "2026-03-30T21:59:20+00:00"
        }
    ],
    "packages-dev": [],
    "aliases": [],
    "minimum-stability": "stable",
    "stability-flags": {},
    "prefer-stable": false,
    "prefer-lowest": false,
    "platform": {
        "php": ">=8.2"
    },
    "platform-dev": {},
    "plugin-api-version": "2.6.0"
}
